{
  "name": "@proca/metaproxy",
  "version": "0.3.0",
  "lockfileVersion": 3,
  "requires": true,
  "packages": {
    "": {
      "name": "@proca/metaproxy",
      "version": "0.3.0",
      "license": "MIT",
      "dependencies": {
        "snowflake": "github:fixthestatusquo/snowflake_engine"
      },
      "bin": {
        "metaproxy": "bin/metaproxy.mjs"
      },
      "engines": {
        "node": ">=v22.18.0"
      }
    },
    "node_modules/snowflake": {
      "version": "2.0.1",
      "resolved": "git+ssh://git@github.com/fixthestatusquo/snowflake_engine.git#b2fcb0f55480614f38e98970c88103b007a39cf8",
      "license": "aGPL3",
      "bin": {
        "snowflake": "push.js"
      }
    }
  }
}
